lockfileVersion: '9.0'

settings:
  autoInstallPeers: true
  excludeLinksFromLockfile: false

importers:

  .: {}

  packages/bevy-react:
    dependencies:
      react:
        specifier: ^19.0.0
        version: 19.2.0
      react-reconciler:
        specifier: ^0.32.0
        version: 0.32.0(react@19.2.0)
    devDependencies:
      '@types/react':
        specifier: ^19.1.8
        version: 19.2.7
      '@types/react-reconciler':
        specifier: ^0.28.9
        version: 0.28.9(@types/react@19.2.7)
      prettier:
        specifier: ^3.7.1
        version: 3.7.2
      typescript:
        specifier: ^5.9.3
        version: 5.9.3

packages:

  '@types/react-reconciler@0.28.9':
    resolution: {integrity: sha512-HHM3nxyUZ3zAylX8ZEyrDNd2XZOnQ0D5XfunJF5FLQnZbHHYq4UWvW1QfelQNXv1ICNkwYhfxjwfnqivYB6bFg==}
    peerDependencies:
      '@types/react': '*'

  '@types/react@19.2.7':
    resolution: {integrity: sha512-MWtvHrGZLFttgeEj28VXHxpmwYbor/ATPYbBfSFZEIRK0ecCFLl2Qo55z52Hss+UV9CRN7trSeq1zbgx7YDWWg==}

  csstype@3.2.3:
    resolution: {integrity: sha512-z1HGKcYy2xA8AGQfwrn0PAy+PB7X/GSj3UVJW9qKyn43xWa+gl5nXmU4qqLMRzWVLFC8KusUX8T/0kCiOYpAIQ==}

  prettier@3.7.2:
    resolution: {integrity: sha512-n3HV2J6QhItCXndGa3oMWvWFAgN1ibnS7R9mt6iokScBOC0Ul9/iZORmU2IWUMcyAQaMPjTlY3uT34TqocUxMA==}
    engines: {node: '>=14'}
    hasBin: true

  react-reconciler@0.32.0:
    resolution: {integrity: sha512-2NPMOzgTlG0ZWdIf3qG+dcbLSoAc/uLfOwckc3ofy5sSK0pLJqnQLpUFxvGcN2rlXSjnVtGeeFLNimCQEj5gOQ==}
    engines: {node: '>=0.10.0'}
    peerDependencies:
      react: ^19.1.0

  react@19.2.0:
    resolution: {integrity: sha512-tmbWg6W31tQLeB5cdIBOicJDJRR2KzXsV7uSK9iNfLWQ5bIZfxuPEHp7M8wiHyHnn0DD1i7w3Zmin0FtkrwoCQ==}
    engines: {node: '>=0.10.0'}

  scheduler@0.26.0:
    resolution: {integrity: sha512-NlHwttCI/l5gCPR3D1nNXtWABUmBwvZpEQiD4IXSbIDq8BzLIK/7Ir5gTFSGZDUu37K5cMNp0hFtzO38sC7gWA==}

  typescript@5.9.3:
    resolution: {integrity: sha512-jl1vZzPDinLr9eUt3J/t7V6FgNEw9QjvBPdysz9KfQDD41fQrC2Y4vKQdiaUpFT4bXlb1RHhLpp8wtm6M5TgSw==}
    engines: {node: '>=14.17'}
    hasBin: true

snapshots:

  '@types/react-reconciler@0.28.9(@types/react@19.2.7)':
    dependencies:
      '@types/react': 19.2.7

  '@types/react@19.2.7':
    dependencies:
      csstype: 3.2.3

  csstype@3.2.3: {}

  prettier@3.7.2: {}

  react-reconciler@0.32.0(react@19.2.0):
    dependencies:
      react: 19.2.0
      scheduler: 0.26.0

  react@19.2.0: {}

  scheduler@0.26.0: {}

  typescript@5.9.3: {}
